
Microsoft Visual Studio Solution File, Format Version 12.00
# Visual Studio Version 17
VisualStudioVersion = 17.1.32210.238
MinimumVisualStudioVersion = 10.0.40219.1
Project("{FAE04EC0-301F-11D3-BF4B-00C04F79EFBC}") = "LengthLibraryConverter", "LengthLibraryConverter.csproj", "{80A40225-CFA4-4B5E-92B6-1E996A65018E}"
EndProject
Global
	GlobalSection(SolutionConfigurationPlatforms) = preSolution
		Debug|Any CPU = Debug|Any CPU
		Release|Any CPU = Release|Any CPU
	EndGlobalSection
	GlobalSection(ProjectConfigurationPlatforms) = postSolution
		{80A40225-CFA4-4B5E-92B6-1E996A65018E}.Debug|Any CPU.ActiveCfg = Debug|Any CPU
		{80A40225-CFA4-4B5E-92B6-1E996A65018E}.Debug|Any CPU.Build.0 = Debug|Any CPU
		{80A40225-CFA4-4B5E-92B6-1E996A65018E}.Release|Any CPU.ActiveCfg = Release|Any CPU
		{80A40225-CFA4-4B5E-92B6-1E996A65018E}.Release|Any CPU.Build.0 = Release|Any CPU
	EndGlobalSection
	GlobalSection(SolutionProperties) = preSolution
		HideSolutionNode = FALSE
	EndGlobalSection
	GlobalSection(ExtensibilityGlobals) = postSolution
		SolutionGuid = {9221CCC8-4287-4BB0-BE8B-4700C749F5B7}
	EndGlobalSection
EndGlobal
